// !$*UTF8*$!
{
	archiveVersion = 1;
	classes = {
	};
	objectVersion = 48;
	objects = {

/* Begin PBXBuildFile section */
		5388D2E11FA0D704009EDC7F /* AppDelegate.swift in Sources */ = {isa = PBXBuildFile; fileRef = 5388D2E01FA0D704009EDC7F /* AppDelegate.swift */; };
		5388D2E31FA0D704009EDC7F /* ViewController.swift in Sources */ = {isa = PBXBuildFile; fileRef = 5388D2E21FA0D704009EDC7F /* ViewController.swift */; };
		5388D2E61FA0D704009EDC7F /* Main.storyboard in Resources */ = {isa = PBXBuildFile; fileRef = 5388D2E41FA0D704009EDC7F /* Main.storyboard */; };
		5388D2E81FA0D704009EDC7F /* Assets.xcassets in Resources */ = {isa = PBXBuildFile; fileRef = 5388D2E71FA0D704009EDC7F /* Assets.xcassets */; };
		5388D2EB1FA0D704009EDC7F /* LaunchScreen.storyboard in Resources */ = {isa = PBXBuildFile; fileRef = 5388D2E91FA0D704009EDC7F /* LaunchScreen.storyboard */; };
		5388D2F31FA12CD4009EDC7F /* SimpleApiService.swift in Sources */ = {isa = PBXBuildFile; fileRef = 5388D2F21FA12CD4009EDC7F /* SimpleApiService.swift */; };
		5388D2F51FA12D32009EDC7F /* AlamofireApiService.swift in Sources */ = {isa = PBXBuildFile; fileRef = 5388D2F41FA12D32009EDC7F /* AlamofireApiService.swift */; };
		5388D2F71FA13B54009EDC7F /* WeatherOld.swift in Sources */ = {isa = PBXBuildFile; fileRef = 5388D2F61FA13B54009EDC7F /* WeatherOld.swift */; };
		B1EF795AC50477690412CA4E /* Pods_TestWebinar_1.framework in Frameworks */ = {isa = PBXBuildFile; fileRef = 75C4B430F0507F24CACB31B1 /* Pods_TestWebinar_1.framework */; };
/* End PBXBuildFile section */

/* Begin PBXFileReference section */
		365382CB5915A3A340F30AC0 /* Pods-TestWebinar_1.release.xcconfig */ = {isa = PBXFileReference; includeInIndex = 1; lastKnownFileType = text.xcconfig; name = "Pods-TestWebinar_1.release.xcconfig"; path = "Pods/Target Support Files/Pods-TestWebinar_1/Pods-TestWebinar_1.release.xcconfig"; sourceTree = "<group>"; };
		5388D2DD1FA0D704009EDC7F /* TestWebinar_1.app */ = {isa = PBXFileReference; explicitFileType = wrapper.application; includeInIndex = 0; path = TestWebinar_1.app; sourceTree = BUILT_PRODUCTS_DIR; };
		5388D2E01FA0D704009EDC7F /* AppDelegate.swift */ = {isa = PBXFileReference; lastKnownFileType = sourcecode.swift; path = AppDelegate.swift; sourceTree = "<group>"; };
		5388D2E21FA0D704009EDC7F /* ViewController.swift */ = {isa = PBXFileReference; lastKnownFileType = sourcecode.swift; path = ViewController.swift; sourceTree = "<group>"; };
		5388D2E51FA0D704009EDC7F /* Base */ = {isa = PBXFileReference; lastKnownFileType = file.storyboard; name = Base; path = Base.lproj/Main.storyboard; sourceTree = "<group>"; };
		5388D2E71FA0D704009EDC7F /* Assets.xcassets */ = {isa = PBXFileReference; lastKnownFileType = folder.assetcatalog; path = Assets.xcassets; sourceTree = "<group>"; };
		5388D2EA1FA0D704009EDC7F /* Base */ = {isa = PBXFileReference; lastKnownFileType = file.storyboard; name = Base; path = Base.lproj/LaunchScreen.storyboard; sourceTree = "<group>"; };
		5388D2EC1FA0D704009EDC7F /* Info.plist */ = {isa = PBXFileReference; lastKnownFileType = text.plist.xml; path = Info.plist; sourceTree = "<group>"; };
		5388D2F21FA12CD4009EDC7F /* SimpleApiService.swift */ = {isa = PBXFileReference; lastKnownFileType = sourcecode.swift; path = SimpleApiService.swift; sourceTree = "<group>"; };
		5388D2F41FA12D32009EDC7F /* AlamofireApiService.swift */ = {isa = PBXFileReference; lastKnownFileType = sourcecode.swift; path = AlamofireApiService.swift; sourceTree = "<group>"; };
		5388D2F61FA13B54009EDC7F /* WeatherOld.swift */ = {isa = PBXFileReference; lastKnownFileType = sourcecode.swift; path = WeatherOld.swift; sourceTree = "<group>"; };
		75C4B430F0507F24CACB31B1 /* Pods_TestWebinar_1.framework */ = {isa = PBXFileReference; explicitFileType = wrapper.framework; includeInIndex = 0; path = Pods_TestWebinar_1.framework; sourceTree = BUILT_PRODUCTS_DIR; };
		79A5814CAE847221B6FFD573 /* Pods-TestWebinar_1.debug.xcconfig */ = {isa = PBXFileReference; includeInIndex = 1; lastKnownFileType = text.xcconfig; name = "Pods-TestWebinar_1.debug.xcconfig"; path = "Pods/Target Support Files/Pods-TestWebinar_1/Pods-TestWebinar_1.debug.xcconfig"; sourceTree = "<group>"; };
/* End PBXFileReference section */

/* Begin PBXFrameworksBuildPhase section */
		5388D2DA1FA0D704009EDC7F /* Frameworks */ = {
			isa = PBXFrameworksBuildPhase;
			buildActionMask = 2147483647;
			files = (
				B1EF795AC50477690412CA4E /* Pods_TestWebinar_1.framework in Frameworks */,
			);
			runOnlyForDeploymentPostprocessing = 0;
		};
/* End PBXFrameworksBuildPhase section */

/* Begin PBXGroup section */
		19208F0C83120483FF8176CE /* Frameworks */ = {
			isa = PBXGroup;
			children = (
				75C4B430F0507F24CACB31B1 /* Pods_TestWebinar_1.framework */,
			);
			name = Frameworks;
			sourceTree = "<group>";
		};
		5366A0511FA2290000FCDFFF /* notes */ = {
			isa = PBXGroup;
			children = (
				5388D2F21FA12CD4009EDC7F /* SimpleApiService.swift */,
				5388D2F41FA12D32009EDC7F /* AlamofireApiService.swift */,
				5388D2F61FA13B54009EDC7F /* WeatherOld.swift */,
			);
			path = notes;
			sourceTree = "<group>";
		};
		5388D2D41FA0D704009EDC7F = {
			isa = PBXGroup;
			children = (
				5388D2DF1FA0D704009EDC7F /* TestWebinar_1 */,
				5388D2DE1FA0D704009EDC7F /* Products */,
				A59DBADDD8EC182C89260ABB /* Pods */,
				19208F0C83120483FF8176CE /* Frameworks */,
			);
			sourceTree = "<group>";
		};
		5388D2DE1FA0D704009EDC7F /* Products */ = {
			isa = PBXGroup;
			children = (
				5388D2DD1FA0D704009EDC7F /* TestWebinar_1.app */,
			);
			name = Products;
			sourceTree = "<group>";
		};
		5388D2DF1FA0D704009EDC7F /* TestWebinar_1 */ = {
			isa = PBXGroup;
			children = (
				5366A0511FA2290000FCDFFF /* notes */,
				5388D2E01FA0D704009EDC7F /* AppDelegate.swift */,
				5388D2E21FA0D704009EDC7F /* ViewController.swift */,
				5388D2E41FA0D704009EDC7F /* Main.storyboard */,
				5388D2E71FA0D704009EDC7F /* Assets.xcassets */,
				5388D2E91FA0D704009EDC7F /* LaunchScreen.storyboard */,
				5388D2EC1FA0D704009EDC7F /* Info.plist */,
			);
			path = TestWebinar_1;
			sourceTree = "<group>";
		};
		A59DBADDD8EC182C89260ABB /* Pods */ = {
			isa = PBXGroup;
			children = (
				79A5814CAE847221B6FFD573 /* Pods-TestWebinar_1.debug.xcconfig */,
				365382CB5915A3A340F30AC0 /* Pods-TestWebinar_1.release.xcconfig */,
			);
			name = Pods;
			sourceTree = "<group>";
		};
/* End PBXGroup section */

/* Begin PBXNativeTarget section */
		5388D2DC1FA0D704009EDC7F /* TestWebinar_1 */ = {
			isa = PBXNativeTarget;
			buildConfigurationList = 5388D2EF1FA0D704009EDC7F /* Build configuration list for PBXNativeTarget "TestWebinar_1" */;
			buildPhases = (
				E5D30DCE79572989DB8C35F3 /* [CP] Check Pods Manifest.lock */,
				5388D2D91FA0D704009EDC7F /* Sources */,
				5388D2DA1FA0D704009EDC7F /* Frameworks */,
				5388D2DB1FA0D704009EDC7F /* Resources */,
				78FDA5D3503545F54BF4106F /* [CP] Embed Pods Frameworks */,
				BAE11613C0711F9C1EA53160 /* [CP] Copy Pods Resources */,
			);
			buildRules = (
			);
			dependencies = (
			);
			name = TestWebinar_1;
			productName = TestWebinar_1;
			productReference = 5388D2DD1FA0D704009EDC7F /* TestWebinar_1.app */;
			productType = "com.apple.product-type.application";
		};
/* End PBXNativeTarget section */

/* Begin PBXProject section */
		5388D2D51FA0D704009EDC7F /* Project object */ = {
			isa = PBXProject;
			attributes = {
				LastSwiftUpdateCheck = 0900;
				LastUpgradeCheck = 0900;
				ORGANIZATIONNAME = "Semyon Belokovsky";
				TargetAttributes = {
					5388D2DC1FA0D704009EDC7F = {
						CreatedOnToolsVersion = 9.0.1;
						ProvisioningStyle = Automatic;
					};
				};
			};
			buildConfigurationList = 5388D2D81FA0D704009EDC7F /* Build configuration list for PBXProject "TestWebinar_1" */;
			compatibilityVersion = "Xcode 8.0";
			developmentRegion = en;
			hasScannedForEncodings = 0;
			knownRegions = (
				en,
				Base,
			);
			mainGroup = 5388D2D41FA0D704009EDC7F;
			productRefGroup = 5388D2DE1FA0D704009EDC7F /* Products */;
			projectDirPath = "";
			projectRoot = "";
			targets = (
				5388D2DC1FA0D704009EDC7F /* TestWebinar_1 */,
			);
		};
/* End PBXProject section */

/* Begin PBXResourcesBuildPhase section */
		5388D2DB1FA0D704009EDC7F /* Resources */ = {
			isa = PBXResourcesBuildPhase;
			buildActionMask = 2147483647;
			files = (
				5388D2EB1FA0D704009EDC7F /* LaunchScreen.storyboard in Resources */,
				5388D2E81FA0D704009EDC7F /* Assets.xcassets in Resources */,
				5388D2E61FA0D704009EDC7F /* Main.storyboard in Resources */,
			);
			runOnlyForDeploymentPostprocessing = 0;
		};
/* End PBXResourcesBuildPhase section */

/* Begin PBXShellScriptBuildPhase section */
		78FDA5D3503545F54BF4106F /* [CP] Embed Pods Frameworks */ = {
			isa = PBXShellScriptBuildPhase;
			buildActionMask = 2147483647;
			files = (
			);
			inputPaths = (
				"${SRCROOT}/Pods/Target Support Files/Pods-TestWebinar_1/Pods-TestWebinar_1-frameworks.sh",
				"${BUILT_PRODUCTS_DIR}/Alamofire/Alamofire.framework",
				"${BUILT_PRODUCTS_DIR}/ObjectMapper/ObjectMapper.framework",
			);
			name = "[CP] Embed Pods Frameworks";
			outputPaths = (
				"${TARGET_BUILD_DIR}/${FRAMEWORKS_FOLDER_PATH}/Alamofire.framework",
				"${TARGET_BUILD_DIR}/${FRAMEWORKS_FOLDER_PATH}/ObjectMapper.framework",
			);
			runOnlyForDeploymentPostprocessing = 0;
			shellPath = /bin/sh;
			shellScript = "\"${SRCROOT}/Pods/Target Support Files/Pods-TestWebinar_1/Pods-TestWebinar_1-frameworks.sh\"\n";
			showEnvVarsInLog = 0;
		};
		BAE11613C0711F9C1EA53160 /* [CP] Copy Pods Resources */ = {
			isa = PBXShellScriptBuildPhase;
			buildActionMask = 2147483647;
			files = (
			);
			inputPaths = (
			);
			name = "[CP] Copy Pods Resources";
			outputPaths = (
			);
			runOnlyForDeploymentPostprocessing = 0;
			shellPath = /bin/sh;
			shellScript = "\"${SRCROOT}/Pods/Target Support Files/Pods-TestWebinar_1/Pods-TestWebinar_1-resources.sh\"\n";
			showEnvVarsInLog = 0;
		};
		E5D30DCE79572989DB8C35F3 /* [CP] Check Pods Manifest.lock */ = {
			isa = PBXShellScriptBuildPhase;
			buildActionMask = 2147483647;
			files = (
			);
			inputPaths = (
				"${PODS_PODFILE_DIR_PATH}/Podfile.lock",
				"${PODS_ROOT}/Manifest.lock",
			);
			name = "[CP] Check Pods Manifest.lock";
			outputPaths = (
				"$(DERIVED_FILE_DIR)/Pods-TestWebinar_1-checkManifestLockResult.txt",
			);
			runOnlyForDeploymentPostprocessing = 0;
			shellPath = /bin/sh;
			shellScript = "diff \"${PODS_PODFILE_DIR_PATH}/Podfile.lock\" \"${PODS_ROOT}/Manifest.lock\" > /dev/null\nif [ $? != 0 ] ; then\n    # print error to STDERR\n    echo \"error: The sandbox is not in sync with the Podfile.lock. Run 'pod install' or update your CocoaPods installation.\" >&2\n    exit 1\nfi\n# This output is used by Xcode 'outputs' to avoid re-running this script phase.\necho \"SUCCESS\" > \"${SCRIPT_OUTPUT_FILE_0}\"\n";
			showEnvVarsInLog = 0;
		};
/* End PBXShellScriptBuildPhase section */

/* Begin PBXSourcesBuildPhase section */
		5388D2D91FA0D704009EDC7F /* Sources */ = {
			isa = PBXSourcesBuildPhase;
			buildActionMask = 2147483647;
			files = (
				5388D2E31FA0D704009EDC7F /* ViewController.swift in Sources */,
				5388D2F31FA12CD4009EDC7F /* SimpleApiService.swift in Sources */,
				5388D2E11FA0D704009EDC7F /* AppDelegate.swift in Sources */,
				5388D2F51FA12D32009EDC7F /* AlamofireApiService.swift in Sources */,
				5388D2F71FA13B54009EDC7F /* WeatherOld.swift in Sources */,
			);
			runOnlyForDeploymentPostprocessing = 0;
		};
/* End PBXSourcesBuildPhase section */

/* Begin PBXVariantGroup section */
		5388D2E41FA0D704009EDC7F /* Main.storyboard */ = {
			isa = PBXVariantGroup;
			children = (
				5388D2E51FA0D704009EDC7F /* Base */,
			);
			name = Main.storyboard;
			sourceTree = "<group>";
		};
		5388D2E91FA0D704009EDC7F /* LaunchScreen.storyboard */ = {
			isa = PBXVariantGroup;
			children = (
				5388D2EA1FA0D704009EDC7F /* Base */,
			);
			name = LaunchScreen.storyboard;
			sourceTree = "<group>";
		};
/* End PBXVariantGroup section */

/* Begin XCBuildConfiguration section */
		5388D2ED1FA0D704009EDC7F /* Debug */ = {
			isa = XCBuildConfiguration;
			buildSettings = {
				ALWAYS_SEARCH_USER_PATHS = NO;
				CLANG_ANALYZER_NONNULL = YES;
				CLANG_ANALYZER_NUMBER_OBJECT_CONVERSION = YES_AGGRESSIVE;
				CLANG_CXX_LANGUAGE_STANDARD = "gnu++14";
				CLANG_CXX_LIBRARY = "libc++";
				CLANG_ENABLE_MODULES = YES;
				CLANG_ENABLE_OBJC_ARC = YES;
				CLANG_WARN_BLOCK_CAPTURE_AUTORELEASING = YES;
				CLANG_WARN_BOOL_CONVERSION = YES;
				CLANG_WARN_COMMA = YES;
				CLANG_WARN_CONSTANT_CONVERSION = YES;
				CLANG_WARN_DIRECT_OBJC_ISA_USAGE = YES_ERROR;
				CLANG_WARN_DOCUMENTATION_COMMENTS = YES;
				CLANG_WARN_EMPTY_BODY = YES;
				CLANG_WARN_ENUM_CONVERSION = YES;
				CLANG_WARN_INFINITE_RECURSION = YES;
				CLANG_WARN_INT_CONVERSION = YES;
				CLANG_WARN_NON_LITERAL_NULL_CONVERSION = YES;
				CLANG_WARN_OBJC_LITERAL_CONVERSION = YES;
				CLANG_WARN_OBJC_ROOT_CLASS = YES_ERROR;
				CLANG_WARN_RANGE_LOOP_ANALYSIS = YES;
				CLANG_WARN_STRICT_PROTOTYPES = YES;
				CLANG_WARN_SUSPICIOUS_MOVE = YES;
				CLANG_WARN_UNGUARDED_AVAILABILITY = YES_AGGRESSIVE;
				CLANG_WARN_UNREACHABLE_CODE = YES;
				CLANG_WARN__DUPLICATE_METHOD_MATCH = YES;
				CODE_SIGN_IDENTITY = "iPhone Developer";
				COPY_PHASE_STRIP = NO;
				DEBUG_INFORMATION_FORMAT = dwarf;
				ENABLE_STRICT_OBJC_MSGSEND = YES;
				ENABLE_TESTABILITY = YES;
				GCC_C_LANGUAGE_STANDARD = gnu11;
				GCC_DYNAMIC_NO_PIC = NO;
				GCC_NO_COMMON_BLOCKS = YES;
				GCC_OPTIMIZATION_LEVEL = 0;
				GCC_PREPROCESSOR_DEFINITIONS = (
					"DEBUG=1",
					"$(inherited)",
				);
				GCC_WARN_64_TO_32_BIT_CONVERSION = YES;
				GCC_WARN_ABOUT_RETURN_TYPE = YES_ERROR;
				GCC_WARN_UNDECLARED_SELECTOR = YES;
				GCC_WARN_UNINITIALIZED_AUTOS = YES_AGGRESSIVE;
				GCC_WARN_UNUSED_FUNCTION = YES;
				GCC_WARN_UNUSED_VARIABLE = YES;
				IPHONEOS_DEPLOYMENT_TARGET = 11.0;
				MTL_ENABLE_DEBUG_INFO = YES;
				ONLY_ACTIVE_ARCH = YES;
				SDKROOT = iphoneos;
				SWIFT_ACTIVE_COMPILATION_CONDITIONS = DEBUG;
				SWIFT_OPTIMIZATION_LEVEL = "-Onone";
			};
			name = Debug;
		};
		5388D2EE1FA0D704009EDC7F /* Release */ = {
			isa = XCBuildConfiguration;
			buildSettings = {
				ALWAYS_SEARCH_USER_PATHS = NO;
				CLANG_ANALYZER_NONNULL = YES;
				CLANG_ANALYZER_NUMBER_OBJECT_CONVERSION = YES_AGGRESSIVE;
				CLANG_CXX_LANGUAGE_STANDARD = "gnu++14";
				CLANG_CXX_LIBRARY = "libc++";
				CLANG_ENABLE_MODULES = YES;
				CLANG_ENABLE_OBJC_ARC = YES;
				CLANG_WARN_BLOCK_CAPTURE_AUTORELEASING = YES;
				CLANG_WARN_BOOL_CONVERSION = YES;
				CLANG_WARN_COMMA = YES;
				CLANG_WARN_CONSTANT_CONVERSION = YES;
				CLANG_WARN_DIRECT_OBJC_ISA_USAGE = YES_ERROR;
				CLANG_WARN_DOCUMENTATION_COMMENTS = YES;
				CLANG_WARN_EMPTY_BODY = YES;
				CLANG_WARN_ENUM_CONVERSION = YES;
				CLANG_WARN_INFINITE_RECURSION = YES;
				CLANG_WARN_INT_CONVERSION = YES;
				CLANG_WARN_NON_LITERAL_NULL_CONVERSION = YES;
				CLANG_WARN_OBJC_LITERAL_CONVERSION = YES;
				CLANG_WARN_OBJC_ROOT_CLASS = YES_ERROR;
				CLANG_WARN_RANGE_LOOP_ANALYSIS = YES;
				CLANG_WARN_STRICT_PROTOTYPES = YES;
				CLANG_WARN_SUSPICIOUS_MOVE = YES;
				CLANG_WARN_UNGUARDED_AVAILABILITY = YES_AGGRESSIVE;
				CLANG_WARN_UNREACHABLE_CODE = YES;
				CLANG_WARN__DUPLICATE_METHOD_MATCH = YES;
				CODE_SIGN_IDENTITY = "iPhone Developer";
				COPY_PHASE_STRIP = NO;
				DEBUG_INFORMATION_FORMAT = "dwarf-with-dsym";
				ENABLE_NS_ASSERTIONS = NO;
				ENABLE_STRICT_OBJC_MSGSEND = YES;
				GCC_C_LANGUAGE_STANDARD = gnu11;
				GCC_NO_COMMON_BLOCKS = YES;
				GCC_WARN_64_TO_32_BIT_CONVERSION = YES;
				GCC_WARN_ABOUT_RETURN_TYPE = YES_ERROR;
				GCC_WARN_UNDECLARED_SELECTOR = YES;
				GCC_WARN_UNINITIALIZED_AUTOS = YES_AGGRESSIVE;
				GCC_WARN_UNUSED_FUNCTION = YES;
				GCC_WARN_UNUSED_VARIABLE = YES;
				IPHONEOS_DEPLOYMENT_TARGET = 11.0;
				MTL_ENABLE_DEBUG_INFO = NO;
				SDKROOT = iphoneos;
				SWIFT_OPTIMIZATION_LEVEL = "-Owholemodule";
				VALIDATE_PRODUCT = YES;
			};
			name = Release;
		};
		5388D2F01FA0D704009EDC7F /* Debug */ = {
			isa = XCBuildConfiguration;
			baseConfigurationReference = 79A5814CAE847221B6FFD573 /* Pods-TestWebinar_1.debug.xcconfig */;
			buildSettings = {
				ASSETCATALOG_COMPILER_APPICON_NAME = AppIcon;
				CODE_SIGN_STYLE = Automatic;
				INFOPLIST_FILE = TestWebinar_1/Info.plist;
				LD_RUNPATH_SEARCH_PATHS = "$(inherited) @executable_path/Frameworks";
				PRODUCT_BUNDLE_IDENTIFIER = "com.igrampe.TestWebinar-1";
				PRODUCT_NAME = "$(TARGET_NAME)";
				SWIFT_VERSION = 4.0;
				TARGETED_DEVICE_FAMILY = "1,2";
			};
			name = Debug;
		};
		5388D2F11FA0D704009EDC7F /* Release */ = {
			isa = XCBuildConfiguration;
			baseConfigurationReference = 365382CB5915A3A340F30AC0 /* Pods-TestWebinar_1.release.xcconfig */;
			buildSettings = {
				ASSETCATALOG_COMPILER_APPICON_NAME = AppIcon;
				CODE_SIGN_STYLE = Automatic;
				INFOPLIST_FILE = TestWebinar_1/Info.plist;
				LD_RUNPATH_SEARCH_PATHS = "$(inherited) @executable_path/Frameworks";
				PRODUCT_BUNDLE_IDENTIFIER = "com.igrampe.TestWebinar-1";
				PRODUCT_NAME = "$(TARGET_NAME)";
				SWIFT_VERSION = 4.0;
				TARGETED_DEVICE_FAMILY = "1,2";
			};
			name = Release;
		};
/* End XCBuildConfiguration section */

/* Begin XCConfigurationList section */
		5388D2D81FA0D704009EDC7F /* Build configuration list for PBXProject "TestWebinar_1" */ = {
			isa = XCConfigurationList;
			buildConfigurations = (
				5388D2ED1FA0D704009EDC7F /* Debug */,
				5388D2EE1FA0D704009EDC7F /* Release */,
			);
			defaultConfigurationIsVisible = 0;
			defaultConfigurationName = Release;
		};
		5388D2EF1FA0D704009EDC7F /* Build configuration list for PBXNativeTarget "TestWebinar_1" */ = {
			isa = XCConfigurationList;
			buildConfigurations = (
				5388D2F01FA0D704009EDC7F /* Debug */,
				5388D2F11FA0D704009EDC7F /* Release */,
			);
			defaultConfigurationIsVisible = 0;
			defaultConfigurationName = Release;
		};
/* End XCConfigurationList section */
	};
	rootObject = 5388D2D51FA0D704009EDC7F /* Project object */;
}
